// !$*UTF8*$!
{
	archiveVersion = 1;
	classes = {
	};
	objectVersion = 55;
	objects = {

/* Begin PBXBuildFile section */
		B402BF322855237F0050FE78 /* NetworkService.swift in Sources */ = {isa = PBXBuildFile; fileRef = B402BF312855237E0050FE78 /* NetworkService.swift */; };
		B49B78F5285C67DD0095A254 /* TrackCell.xib in Resources */ = {isa = PBXBuildFile; fileRef = B49B78F4285C67DC0095A254 /* TrackCell.xib */; };
		B49B78F7285C681C0095A254 /* TrackCell.swift in Sources */ = {isa = PBXBuildFile; fileRef = B49B78F6285C681C0095A254 /* TrackCell.swift */; };
		B49B78FB285C82F30095A254 /* FooterView.swift in Sources */ = {isa = PBXBuildFile; fileRef = B49B78FA285C82F30095A254 /* FooterView.swift */; };
		B49B78FE285D05BA0095A254 /* TrackDetailView.xib in Resources */ = {isa = PBXBuildFile; fileRef = B49B78FD285D05B90095A254 /* TrackDetailView.xib */; };
		B49B7900285D05C60095A254 /* TrackDetailView.swift in Sources */ = {isa = PBXBuildFile; fileRef = B49B78FF285D05C60095A254 /* TrackDetailView.swift */; };
		B4AC11AC2856793B00971C64 /* SearchPresenter.swift in Sources */ = {isa = PBXBuildFile; fileRef = B4AC11A52856793B00971C64 /* SearchPresenter.swift */; };
		B4AC11AD2856793B00971C64 /* SearchWorker.swift in Sources */ = {isa = PBXBuildFile; fileRef = B4AC11A62856793B00971C64 /* SearchWorker.swift */; };
		B4AC11AE2856793B00971C64 /* SearchRouter.swift in Sources */ = {isa = PBXBuildFile; fileRef = B4AC11A72856793B00971C64 /* SearchRouter.swift */; };
		B4AC11AF2856793B00971C64 /* SearchModels.swift in Sources */ = {isa = PBXBuildFile; fileRef = B4AC11A82856793B00971C64 /* SearchModels.swift */; };
		B4AC11B02856793B00971C64 /* SearchViewController.swift in Sources */ = {isa = PBXBuildFile; fileRef = B4AC11A92856793B00971C64 /* SearchViewController.swift */; };
		B4AC11B12856793B00971C64 /* SearchInteractor.swift in Sources */ = {isa = PBXBuildFile; fileRef = B4AC11AA2856793B00971C64 /* SearchInteractor.swift */; };
		B4AC11B4285915E400971C64 /* SearchViewController.storyboard in Resources */ = {isa = PBXBuildFile; fileRef = B4AC11B3285915E400971C64 /* SearchViewController.storyboard */; };
		B4AC11B6285919CB00971C64 /* UIVC + Storyboard.swift in Sources */ = {isa = PBXBuildFile; fileRef = B4AC11B5285919CA00971C64 /* UIVC + Storyboard.swift */; };
		B4B308C1285352B500185812 /* AppDelegate.swift in Sources */ = {isa = PBXBuildFile; fileRef = B4B308C0285352B500185812 /* AppDelegate.swift */; };
		B4B308C3285352B500185812 /* SceneDelegate.swift in Sources */ = {isa = PBXBuildFile; fileRef = B4B308C2285352B500185812 /* SceneDelegate.swift */; };
		B4B308C5285352B500185812 /* ViewController.swift in Sources */ = {isa = PBXBuildFile; fileRef = B4B308C4285352B500185812 /* ViewController.swift */; };
		B4B308C8285352B500185812 /* Main.storyboard in Resources */ = {isa = PBXBuildFile; fileRef = B4B308C6285352B500185812 /* Main.storyboard */; };
		B4B308CA285352B800185812 /* Assets.xcassets in Resources */ = {isa = PBXBuildFile; fileRef = B4B308C9285352B800185812 /* Assets.xcassets */; };
		B4B308CD285352B900185812 /* LaunchScreen.storyboard in Resources */ = {isa = PBXBuildFile; fileRef = B4B308CB285352B900185812 /* LaunchScreen.storyboard */; };
		B4B308D52853538900185812 /* MainTabBarController.swift in Sources */ = {isa = PBXBuildFile; fileRef = B4B308D42853538900185812 /* MainTabBarController.swift */; };
		B4B308D72853587900185812 /* SearchMusicViewController.swift in Sources */ = {isa = PBXBuildFile; fileRef = B4B308D62853587900185812 /* SearchMusicViewController.swift */; };
		B4B308D92854A55400185812 /* SearchResponseModel.swift in Sources */ = {isa = PBXBuildFile; fileRef = B4B308D82854A55400185812 /* SearchResponseModel.swift */; };
		B4B4B90C286248EA00B298B2 /* Nib.swift in Sources */ = {isa = PBXBuildFile; fileRef = B4B4B90B286248EA00B298B2 /* Nib.swift */; };
		B4D46AB4286711F500EEEC6C /* Library.swift in Sources */ = {isa = PBXBuildFile; fileRef = B4D46AB3286711F500EEEC6C /* Library.swift */; };
		B4F70672285F27E500269B1D /* CMTime + extension.swift in Sources */ = {isa = PBXBuildFile; fileRef = B4F70671285F27E500269B1D /* CMTime + extension.swift */; };
		CBBFEA8EA55DFE1C0E0D57D6 /* Pods_MusicByApple.framework in Frameworks */ = {isa = PBXBuildFile; fileRef = F927D417F628B1D01CE29C64 /* Pods_MusicByApple.framework */; };
/* End PBXBuildFile section */

/* Begin PBXFileReference section */
		B402BF312855237E0050FE78 /* NetworkService.swift */ = {isa = PBXFileReference; lastKnownFileType = sourcecode.swift; path = NetworkService.swift; sourceTree = "<group>"; };
		B49B78F4285C67DC0095A254 /* TrackCell.xib */ = {isa = PBXFileReference; lastKnownFileType = file.xib; path = TrackCell.xib; sourceTree = "<group>"; };
		B49B78F6285C681C0095A254 /* TrackCell.swift */ = {isa = PBXFileReference; lastKnownFileType = sourcecode.swift; path = TrackCell.swift; sourceTree = "<group>"; };
		B49B78FA285C82F30095A254 /* FooterView.swift */ = {isa = PBXFileReference; lastKnownFileType = sourcecode.swift; path = FooterView.swift; sourceTree = "<group>"; };
		B49B78FD285D05B90095A254 /* TrackDetailView.xib */ = {isa = PBXFileReference; lastKnownFileType = file.xib; path = TrackDetailView.xib; sourceTree = "<group>"; };
		B49B78FF285D05C60095A254 /* TrackDetailView.swift */ = {isa = PBXFileReference; lastKnownFileType = sourcecode.swift; path = TrackDetailView.swift; sourceTree = "<group>"; };
		B4AC11A52856793B00971C64 /* SearchPresenter.swift */ = {isa = PBXFileReference; lastKnownFileType = sourcecode.swift; path = SearchPresenter.swift; sourceTree = "<group>"; };
		B4AC11A62856793B00971C64 /* SearchWorker.swift */ = {isa = PBXFileReference; lastKnownFileType = sourcecode.swift; path = SearchWorker.swift; sourceTree = "<group>"; };
		B4AC11A72856793B00971C64 /* SearchRouter.swift */ = {isa = PBXFileReference; lastKnownFileType = sourcecode.swift; path = SearchRouter.swift; sourceTree = "<group>"; };
		B4AC11A82856793B00971C64 /* SearchModels.swift */ = {isa = PBXFileReference; lastKnownFileType = sourcecode.swift; path = SearchModels.swift; sourceTree = "<group>"; };
		B4AC11A92856793B00971C64 /* SearchViewController.swift */ = {isa = PBXFileReference; lastKnownFileType = sourcecode.swift; path = SearchViewController.swift; sourceTree = "<group>"; };
		B4AC11AA2856793B00971C64 /* SearchInteractor.swift */ = {isa = PBXFileReference; lastKnownFileType = sourcecode.swift; path = SearchInteractor.swift; sourceTree = "<group>"; };
		B4AC11B3285915E400971C64 /* SearchViewController.storyboard */ = {isa = PBXFileReference; lastKnownFileType = file.storyboard; path = SearchViewController.storyboard; sourceTree = "<group>"; };
		B4AC11B5285919CA00971C64 /* UIVC + Storyboard.swift */ = {isa = PBXFileReference; lastKnownFileType = sourcecode.swift; path = "UIVC + Storyboard.swift"; sourceTree = "<group>"; };
		B4B308BD285352B500185812 /* MusicByApple.app */ = {isa = PBXFileReference; explicitFileType = wrapper.application; includeInIndex = 0; path = MusicByApple.app; sourceTree = BUILT_PRODUCTS_DIR; };
		B4B308C0285352B500185812 /* AppDelegate.swift */ = {isa = PBXFileReference; lastKnownFileType = sourcecode.swift; path = AppDelegate.swift; sourceTree = "<group>"; };
		B4B308C2285352B500185812 /* SceneDelegate.swift */ = {isa = PBXFileReference; lastKnownFileType = sourcecode.swift; path = SceneDelegate.swift; sourceTree = "<group>"; };
		B4B308C4285352B500185812 /* ViewController.swift */ = {isa = PBXFileReference; lastKnownFileType = sourcecode.swift; path = ViewController.swift; sourceTree = "<group>"; };
		B4B308C7285352B500185812 /* Base */ = {isa = PBXFileReference; lastKnownFileType = file.storyboard; name = Base; path = Base.lproj/Main.storyboard; sourceTree = "<group>"; };
		B4B308C9285352B800185812 /* Assets.xcassets */ = {isa = PBXFileReference; lastKnownFileType = folder.assetcatalog; path = Assets.xcassets; sourceTree = "<group>"; };
		B4B308CC285352B900185812 /* Base */ = {isa = PBXFileReference; lastKnownFileType = file.storyboard; name = Base; path = Base.lproj/LaunchScreen.storyboard; sourceTree = "<group>"; };
		B4B308CE285352B900185812 /* Info.plist */ = {isa = PBXFileReference; lastKnownFileType = text.plist.xml; path = Info.plist; sourceTree = "<group>"; };
		B4B308D42853538900185812 /* MainTabBarController.swift */ = {isa = PBXFileReference; lastKnownFileType = sourcecode.swift; path = MainTabBarController.swift; sourceTree = "<group>"; };
		B4B308D62853587900185812 /* SearchMusicViewController.swift */ = {isa = PBXFileReference; lastKnownFileType = sourcecode.swift; path = SearchMusicViewController.swift; sourceTree = "<group>"; };
		B4B308D82854A55400185812 /* SearchResponseModel.swift */ = {isa = PBXFileReference; lastKnownFileType = sourcecode.swift; path = SearchResponseModel.swift; sourceTree = "<group>"; };
		B4B4B90B286248EA00B298B2 /* Nib.swift */ = {isa = PBXFileReference; lastKnownFileType = sourcecode.swift; path = Nib.swift; sourceTree = "<group>"; };
		B4D46AB3286711F500EEEC6C /* Library.swift */ = {isa = PBXFileReference; lastKnownFileType = sourcecode.swift; path = Library.swift; sourceTree = "<group>"; };
		B4F70671285F27E500269B1D /* CMTime + extension.swift */ = {isa = PBXFileReference; lastKnownFileType = sourcecode.swift; path = "CMTime + extension.swift"; sourceTree = "<group>"; };
		CE3D90BD80EAE84E3B6E259D /* Pods-MusicByApple.debug.xcconfig */ = {isa = PBXFileReference; includeInIndex = 1; lastKnownFileType = text.xcconfig; name = "Pods-MusicByApple.debug.xcconfig"; path = "Target Support Files/Pods-MusicByApple/Pods-MusicByApple.debug.xcconfig"; sourceTree = "<group>"; };
		E93C14B2B2B0DAD3E2DFCBFC /* Pods-MusicByApple.release.xcconfig */ = {isa = PBXFileReference; includeInIndex = 1; lastKnownFileType = text.xcconfig; name = "Pods-MusicByApple.release.xcconfig"; path = "Target Support Files/Pods-MusicByApple/Pods-MusicByApple.release.xcconfig"; sourceTree = "<group>"; };
		F927D417F628B1D01CE29C64 /* Pods_MusicByApple.framework */ = {isa = PBXFileReference; explicitFileType = wrapper.framework; includeInIndex = 0; path = Pods_MusicByApple.framework; sourceTree = BUILT_PRODUCTS_DIR; };
/* End PBXFileReference section */

/* Begin PBXFrameworksBuildPhase section */
		B4B308BA285352B500185812 /* Frameworks */ = {
			isa = PBXFrameworksBuildPhase;
			buildActionMask = 2147483647;
			files = (
				CBBFEA8EA55DFE1C0E0D57D6 /* Pods_MusicByApple.framework in Frameworks */,
			);
			runOnlyForDeploymentPostprocessing = 0;
		};
/* End PBXFrameworksBuildPhase section */

/* Begin PBXGroup section */
		B49B78F3285C679D0095A254 /* Cell */ = {
			isa = PBXGroup;
			children = (
				B49B78F4285C67DC0095A254 /* TrackCell.xib */,
				B49B78F6285C681C0095A254 /* TrackCell.swift */,
			);
			path = Cell;
			sourceTree = "<group>";
		};
		B49B78F8285C6F7C0095A254 /* Models */ = {
			isa = PBXGroup;
			children = (
				B4B308D82854A55400185812 /* SearchResponseModel.swift */,
			);
			path = Models;
			sourceTree = "<group>";
		};
		B49B78F9285C82D80095A254 /* FooterView */ = {
			isa = PBXGroup;
			children = (
				B49B78FA285C82F30095A254 /* FooterView.swift */,
			);
			path = FooterView;
			sourceTree = "<group>";
		};
		B49B78FC285D05680095A254 /* TrackDetailView */ = {
			isa = PBXGroup;
			children = (
				B49B78FD285D05B90095A254 /* TrackDetailView.xib */,
				B49B78FF285D05C60095A254 /* TrackDetailView.swift */,
			);
			path = TrackDetailView;
			sourceTree = "<group>";
		};
		B4AC11A32856781000971C64 /* Support */ = {
			isa = PBXGroup;
			children = (
				B4B308C0285352B500185812 /* AppDelegate.swift */,
				B4B308C2285352B500185812 /* SceneDelegate.swift */,
				B4B308C9285352B800185812 /* Assets.xcassets */,
				B4B308CB285352B900185812 /* LaunchScreen.storyboard */,
			);
			path = Support;
			sourceTree = "<group>";
		};
		B4AC11A42856784400971C64 /* Services */ = {
			isa = PBXGroup;
			children = (
				B49B78F8285C6F7C0095A254 /* Models */,
				B402BF312855237E0050FE78 /* NetworkService.swift */,
			);
			path = Services;
			sourceTree = "<group>";
		};
		B4AC11B7285919EF00971C64 /* Helpers */ = {
			isa = PBXGroup;
			children = (
				B4AC11B5285919CA00971C64 /* UIVC + Storyboard.swift */,
				B4F70671285F27E500269B1D /* CMTime + extension.swift */,
				B4B4B90B286248EA00B298B2 /* Nib.swift */,
			);
			path = Helpers;
			sourceTree = "<group>";
		};
		B4B308B4285352B500185812 = {
			isa = PBXGroup;
			children = (
				B4B308BF285352B500185812 /* MusicByApple */,
				B4B308BE285352B500185812 /* Products */,
				E7A8041E970AAE78EB6D3C4D /* Pods */,
				D421FF385383F3128F45EAE2 /* Frameworks */,
			);
			sourceTree = "<group>";
		};
		B4B308BE285352B500185812 /* Products */ = {
			isa = PBXGroup;
			children = (
				B4B308BD285352B500185812 /* MusicByApple.app */,
			);
			name = Products;
			sourceTree = "<group>";
		};
		B4B308BF285352B500185812 /* MusicByApple */ = {
			isa = PBXGroup;
			children = (
				B4DBB5F62856757C0001A32F /* Search */,
				B4AC11B7285919EF00971C64 /* Helpers */,
				B4AC11A42856784400971C64 /* Services */,
				B4B308C4285352B500185812 /* ViewController.swift */,
				B4B308D42853538900185812 /* MainTabBarController.swift */,
				B4D46AB3286711F500EEEC6C /* Library.swift */,
				B4B308D62853587900185812 /* SearchMusicViewController.swift */,
				B4B308C6285352B500185812 /* Main.storyboard */,
				B4AC11A32856781000971C64 /* Support */,
				B4B308CE285352B900185812 /* Info.plist */,
			);
			path = MusicByApple;
			sourceTree = "<group>";
		};
		B4DBB5F62856757C0001A32F /* Search */ = {
			isa = PBXGroup;
			children = (
				B49B78FC285D05680095A254 /* TrackDetailView */,
				B49B78F9285C82D80095A254 /* FooterView */,
				B49B78F3285C679D0095A254 /* Cell */,
				B4AC11B3285915E400971C64 /* SearchViewController.storyboard */,
				B4AC11A92856793B00971C64 /* SearchViewController.swift */,
				B4AC11AA2856793B00971C64 /* SearchInteractor.swift */,
				B4AC11A52856793B00971C64 /* SearchPresenter.swift */,
				B4AC11A82856793B00971C64 /* SearchModels.swift */,
				B4AC11A62856793B00971C64 /* SearchWorker.swift */,
				B4AC11A72856793B00971C64 /* SearchRouter.swift */,
			);
			path = Search;
			sourceTree = "<group>";
		};
		D421FF385383F3128F45EAE2 /* Frameworks */ = {
			isa = PBXGroup;
			children = (
				F927D417F628B1D01CE29C64 /* Pods_MusicByApple.framework */,
			);
			name = Frameworks;
			sourceTree = "<group>";
		};
		E7A8041E970AAE78EB6D3C4D /* Pods */ = {
			isa = PBXGroup;
			children = (
				CE3D90BD80EAE84E3B6E259D /* Pods-MusicByApple.debug.xcconfig */,
				E93C14B2B2B0DAD3E2DFCBFC /* Pods-MusicByApple.release.xcconfig */,
			);
			path = Pods;
			sourceTree = "<group>";
		};
/* End PBXGroup section */

/* Begin PBXNativeTarget section */
		B4B308BC285352B500185812 /* MusicByApple */ = {
			isa = PBXNativeTarget;
			buildConfigurationList = B4B308D1285352B900185812 /* Build configuration list for PBXNativeTarget "MusicByApple" */;
			buildPhases = (
				D9B5F1360FDD5178663B7ACA /* [CP] Check Pods Manifest.lock */,
				B4B308B9285352B500185812 /* Sources */,
				B4B308BA285352B500185812 /* Frameworks */,
				B4B308BB285352B500185812 /* Resources */,
				3F5ADE507E5ABF742522D22E /* [CP] Embed Pods Frameworks */,
			);
			buildRules = (
			);
			dependencies = (
			);
			name = MusicByApple;
			productName = MusicByApple;
			productReference = B4B308BD285352B500185812 /* MusicByApple.app */;
			productType = "com.apple.product-type.application";
		};
/* End PBXNativeTarget section */

/* Begin PBXProject section */
		B4B308B5285352B500185812 /* Project object */ = {
			isa = PBXProject;
			attributes = {
				BuildIndependentTargetsInParallel = 1;
				LastSwiftUpdateCheck = 1330;
				LastUpgradeCheck = 1330;
				TargetAttributes = {
					B4B308BC285352B500185812 = {
						CreatedOnToolsVersion = 13.3.1;
					};
				};
			};
			buildConfigurationList = B4B308B8285352B500185812 /* Build configuration list for PBXProject "MusicByApple" */;
			compatibilityVersion = "Xcode 13.0";
			developmentRegion = en;
			hasScannedForEncodings = 0;
			knownRegions = (
				en,
				Base,
			);
			mainGroup = B4B308B4285352B500185812;
			productRefGroup = B4B308BE285352B500185812 /* Products */;
			projectDirPath = "";
			projectRoot = "";
			targets = (
				B4B308BC285352B500185812 /* MusicByApple */,
			);
		};
/* End PBXProject section */

/* Begin PBXResourcesBuildPhase section */
		B4B308BB285352B500185812 /* Resources */ = {
			isa = PBXResourcesBuildPhase;
			buildActionMask = 2147483647;
			files = (
				B4B308CD285352B900185812 /* LaunchScreen.storyboard in Resources */,
				B49B78FE285D05BA0095A254 /* TrackDetailView.xib in Resources */,
				B49B78F5285C67DD0095A254 /* TrackCell.xib in Resources */,
				B4B308CA285352B800185812 /* Assets.xcassets in Resources */,
				B4AC11B4285915E400971C64 /* SearchViewController.storyboard in Resources */,
				B4B308C8285352B500185812 /* Main.storyboard in Resources */,
			);
			runOnlyForDeploymentPostprocessing = 0;
		};
/* End PBXResourcesBuildPhase section */

/* Begin PBXShellScriptBuildPhase section */
		3F5ADE507E5ABF742522D22E /* [CP] Embed Pods Frameworks */ = {
			isa = PBXShellScriptBuildPhase;
			buildActionMask = 2147483647;
			files = (
			);
			inputFileListPaths = (
				"${PODS_ROOT}/Target Support Files/Pods-MusicByApple/Pods-MusicByApple-frameworks-${CONFIGURATION}-input-files.xcfilelist",
			);
			name = "[CP] Embed Pods Frameworks";
			outputFileListPaths = (
				"${PODS_ROOT}/Target Support Files/Pods-MusicByApple/Pods-MusicByApple-frameworks-${CONFIGURATION}-output-files.xcfilelist",
			);
			runOnlyForDeploymentPostprocessing = 0;
			shellPath = /bin/sh;
			shellScript = "\"${PODS_ROOT}/Target Support Files/Pods-MusicByApple/Pods-MusicByApple-frameworks.sh\"\n";
			showEnvVarsInLog = 0;
		};
		D9B5F1360FDD5178663B7ACA /* [CP] Check Pods Manifest.lock */ = {
			isa = PBXShellScriptBuildPhase;
			buildActionMask = 2147483647;
			files = (
			);
			inputFileListPaths = (
			);
			inputPaths = (
				"${PODS_PODFILE_DIR_PATH}/Podfile.lock",
				"${PODS_ROOT}/Manifest.lock",
			);
			name = "[CP] Check Pods Manifest.lock";
			outputFileListPaths = (
			);
			outputPaths = (
				"$(DERIVED_FILE_DIR)/Pods-MusicByApple-checkManifestLockResult.txt",
			);
			runOnlyForDeploymentPostprocessing = 0;
			shellPath = /bin/sh;
			shellScript = "diff \"${PODS_PODFILE_DIR_PATH}/Podfile.lock\" \"${PODS_ROOT}/Manifest.lock\" > /dev/null\nif [ $? != 0 ] ; then\n    # print error to STDERR\n    echo \"error: The sandbox is not in sync with the Podfile.lock. Run 'pod install' or update your CocoaPods installation.\" >&2\n    exit 1\nfi\n# This output is used by Xcode 'outputs' to avoid re-running this script phase.\necho \"SUCCESS\" > \"${SCRIPT_OUTPUT_FILE_0}\"\n";
			showEnvVarsInLog = 0;
		};
/* End PBXShellScriptBuildPhase section */

/* Begin PBXSourcesBuildPhase section */
		B4B308B9285352B500185812 /* Sources */ = {
			isa = PBXSourcesBuildPhase;
			buildActionMask = 2147483647;
			files = (
				B4F70672285F27E500269B1D /* CMTime + extension.swift in Sources */,
				B4B308D92854A55400185812 /* SearchResponseModel.swift in Sources */,
				B4B308D72853587900185812 /* SearchMusicViewController.swift in Sources */,
				B4B308C5285352B500185812 /* ViewController.swift in Sources */,
				B4AC11B12856793B00971C64 /* SearchInteractor.swift in Sources */,
				B4B308C1285352B500185812 /* AppDelegate.swift in Sources */,
				B49B78FB285C82F30095A254 /* FooterView.swift in Sources */,
				B49B78F7285C681C0095A254 /* TrackCell.swift in Sources */,
				B4B4B90C286248EA00B298B2 /* Nib.swift in Sources */,
				B4B308D52853538900185812 /* MainTabBarController.swift in Sources */,
				B4AC11AD2856793B00971C64 /* SearchWorker.swift in Sources */,
				B4AC11B02856793B00971C64 /* SearchViewController.swift in Sources */,
				B4AC11AE2856793B00971C64 /* SearchRouter.swift in Sources */,
				B4AC11AF2856793B00971C64 /* SearchModels.swift in Sources */,
				B4B308C3285352B500185812 /* SceneDelegate.swift in Sources */,
				B4AC11B6285919CB00971C64 /* UIVC + Storyboard.swift in Sources */,
				B4AC11AC2856793B00971C64 /* SearchPresenter.swift in Sources */,
				B4D46AB4286711F500EEEC6C /* Library.swift in Sources */,
				B49B7900285D05C60095A254 /* TrackDetailView.swift in Sources */,
				B402BF322855237F0050FE78 /* NetworkService.swift in Sources */,
			);
			runOnlyForDeploymentPostprocessing = 0;
		};
/* End PBXSourcesBuildPhase section */

/* Begin PBXVariantGroup section */
		B4B308C6285352B500185812 /* Main.storyboard */ = {
			isa = PBXVariantGroup;
			children = (
				B4B308C7285352B500185812 /* Base */,
			);
			name = Main.storyboard;
			sourceTree = "<group>";
		};
		B4B308CB285352B900185812 /* LaunchScreen.storyboard */ = {
			isa = PBXVariantGroup;
			children = (
				B4B308CC285352B900185812 /* Base */,
			);
			name = LaunchScreen.storyboard;
			sourceTree = "<group>";
		};
/* End PBXVariantGroup section */

/* Begin XCBuildConfiguration section */
		B4B308CF285352B900185812 /* Debug */ = {
			isa = XCBuildConfiguration;
			buildSettings = {
				ALWAYS_SEARCH_USER_PATHS = NO;
				CLANG_ANALYZER_NONNULL = YES;
				CLANG_ANALYZER_NUMBER_OBJECT_CONVERSION = YES_AGGRESSIVE;
				CLANG_CXX_LANGUAGE_STANDARD = "gnu++17";
				CLANG_ENABLE_MODULES = YES;
				CLANG_ENABLE_OBJC_ARC = YES;
				CLANG_ENABLE_OBJC_WEAK = YES;
				CLANG_WARN_BLOCK_CAPTURE_AUTORELEASING = YES;
				CLANG_WARN_BOOL_CONVERSION = YES;
				CLANG_WARN_COMMA = YES;
				CLANG_WARN_CONSTANT_CONVERSION = YES;
				CLANG_WARN_DEPRECATED_OBJC_IMPLEMENTATIONS = YES;
				CLANG_WARN_DIRECT_OBJC_ISA_USAGE = YES_ERROR;
				CLANG_WARN_DOCUMENTATION_COMMENTS = YES;
				CLANG_WARN_EMPTY_BODY = YES;
				CLANG_WARN_ENUM_CONVERSION = YES;
				CLANG_WARN_INFINITE_RECURSION = YES;
				CLANG_WARN_INT_CONVERSION = YES;
				CLANG_WARN_NON_LITERAL_NULL_CONVERSION = YES;
				CLANG_WARN_OBJC_IMPLICIT_RETAIN_SELF = YES;
				CLANG_WARN_OBJC_LITERAL_CONVERSION = YES;
				CLANG_WARN_OBJC_ROOT_CLASS = YES_ERROR;
				CLANG_WARN_QUOTED_INCLUDE_IN_FRAMEWORK_HEADER = YES;
				CLANG_WARN_RANGE_LOOP_ANALYSIS = YES;
				CLANG_WARN_STRICT_PROTOTYPES = YES;
				CLANG_WARN_SUSPICIOUS_MOVE = YES;
				CLANG_WARN_UNGUARDED_AVAILABILITY = YES_AGGRESSIVE;
				CLANG_WARN_UNREACHABLE_CODE = YES;
				CLANG_WARN__DUPLICATE_METHOD_MATCH = YES;
				COPY_PHASE_STRIP = NO;
				DEBUG_INFORMATION_FORMAT = dwarf;
				ENABLE_STRICT_OBJC_MSGSEND = YES;
				ENABLE_TESTABILITY = YES;
				GCC_C_LANGUAGE_STANDARD = gnu11;
				GCC_DYNAMIC_NO_PIC = NO;
				GCC_NO_COMMON_BLOCKS = YES;
				GCC_OPTIMIZATION_LEVEL = 0;
				GCC_PREPROCESSOR_DEFINITIONS = (
					"DEBUG=1",
					"$(inherited)",
				);
				GCC_WARN_64_TO_32_BIT_CONVERSION = YES;
				GCC_WARN_ABOUT_RETURN_TYPE = YES_ERROR;
				GCC_WARN_UNDECLARED_SELECTOR = YES;
				GCC_WARN_UNINITIALIZED_AUTOS = YES_AGGRESSIVE;
				GCC_WARN_UNUSED_FUNCTION = YES;
				GCC_WARN_UNUSED_VARIABLE = YES;
				IPHONEOS_DEPLOYMENT_TARGET = 15.4;
				MTL_ENABLE_DEBUG_INFO = INCLUDE_SOURCE;
				MTL_FAST_MATH = YES;
				ONLY_ACTIVE_ARCH = YES;
				SDKROOT = iphoneos;
				SWIFT_ACTIVE_COMPILATION_CONDITIONS = DEBUG;
				SWIFT_OPTIMIZATION_LEVEL = "-Onone";
			};
			name = Debug;
		};
		B4B308D0285352B900185812 /* Release */ = {
			isa = XCBuildConfiguration;
			buildSettings = {
				ALWAYS_SEARCH_USER_PATHS = NO;
				CLANG_ANALYZER_NONNULL = YES;
				CLANG_ANALYZER_NUMBER_OBJECT_CONVERSION = YES_AGGRESSIVE;
				CLANG_CXX_LANGUAGE_STANDARD = "gnu++17";
				CLANG_ENABLE_MODULES = YES;
				CLANG_ENABLE_OBJC_ARC = YES;
				CLANG_ENABLE_OBJC_WEAK = YES;
				CLANG_WARN_BLOCK_CAPTURE_AUTORELEASING = YES;
				CLANG_WARN_BOOL_CONVERSION = YES;
				CLANG_WARN_COMMA = YES;
				CLANG_WARN_CONSTANT_CONVERSION = YES;
				CLANG_WARN_DEPRECATED_OBJC_IMPLEMENTATIONS = YES;
				CLANG_WARN_DIRECT_OBJC_ISA_USAGE = YES_ERROR;
				CLANG_WARN_DOCUMENTATION_COMMENTS = YES;
				CLANG_WARN_EMPTY_BODY = YES;
				CLANG_WARN_ENUM_CONVERSION = YES;
				CLANG_WARN_INFINITE_RECURSION = YES;
				CLANG_WARN_INT_CONVERSION = YES;
				CLANG_WARN_NON_LITERAL_NULL_CONVERSION = YES;
				CLANG_WARN_OBJC_IMPLICIT_RETAIN_SELF = YES;
				CLANG_WARN_OBJC_LITERAL_CONVERSION = YES;
				CLANG_WARN_OBJC_ROOT_CLASS = YES_ERROR;
				CLANG_WARN_QUOTED_INCLUDE_IN_FRAMEWORK_HEADER = YES;
				CLANG_WARN_RANGE_LOOP_ANALYSIS = YES;
				CLANG_WARN_STRICT_PROTOTYPES = YES;
				CLANG_WARN_SUSPICIOUS_MOVE = YES;
				CLANG_WARN_UNGUARDED_AVAILABILITY = YES_AGGRESSIVE;
				CLANG_WARN_UNREACHABLE_CODE = YES;
				CLANG_WARN__DUPLICATE_METHOD_MATCH = YES;
				COPY_PHASE_STRIP = NO;
				DEBUG_INFORMATION_FORMAT = "dwarf-with-dsym";
				ENABLE_NS_ASSERTIONS = NO;
				ENABLE_STRICT_OBJC_MSGSEND = YES;
				GCC_C_LANGUAGE_STANDARD = gnu11;
				GCC_NO_COMMON_BLOCKS = YES;
				GCC_WARN_64_TO_32_BIT_CONVERSION = YES;
				GCC_WARN_ABOUT_RETURN_TYPE = YES_ERROR;
				GCC_WARN_UNDECLARED_SELECTOR = YES;
				GCC_WARN_UNINITIALIZED_AUTOS = YES_AGGRESSIVE;
				GCC_WARN_UNUSED_FUNCTION = YES;
				GCC_WARN_UNUSED_VARIABLE = YES;
				IPHONEOS_DEPLOYMENT_TARGET = 15.4;
				MTL_ENABLE_DEBUG_INFO = NO;
				MTL_FAST_MATH = YES;
				SDKROOT = iphoneos;
				SWIFT_COMPILATION_MODE = wholemodule;
				SWIFT_OPTIMIZATION_LEVEL = "-O";
				VALIDATE_PRODUCT = YES;
			};
			name = Release;
		};
		B4B308D2285352B900185812 /* Debug */ = {
			isa = XCBuildConfiguration;
			baseConfigurationReference = CE3D90BD80EAE84E3B6E259D /* Pods-MusicByApple.debug.xcconfig */;
			buildSettings = {
				ASSETCATALOG_COMPILER_APPICON_NAME = AppIcon;
				ASSETCATALOG_COMPILER_GLOBAL_ACCENT_COLOR_NAME = AccentColor;
				CODE_SIGN_STYLE = Automatic;
				CURRENT_PROJECT_VERSION = 1;
				DEVELOPMENT_TEAM = ZZK4T7Z935;
				GENERATE_INFOPLIST_FILE = YES;
				INFOPLIST_FILE = MusicByApple/Info.plist;
				INFOPLIST_KEY_UIApplicationSupportsIndirectInputEvents = YES;
				INFOPLIST_KEY_UILaunchStoryboardName = LaunchScreen;
				INFOPLIST_KEY_UIMainStoryboardFile = Main;
				INFOPLIST_KEY_UISupportedInterfaceOrientations_iPad = "UIInterfaceOrientationPortrait UIInterfaceOrientationPortraitUpsideDown UIInterfaceOrientationLandscapeLeft UIInterfaceOrientationLandscapeRight";
				INFOPLIST_KEY_UISupportedInterfaceOrientations_iPhone = "UIInterfaceOrientationPortrait UIInterfaceOrientationLandscapeLeft UIInterfaceOrientationLandscapeRight";
				LD_RUNPATH_SEARCH_PATHS = (
					"$(inherited)",
					"@executable_path/Frameworks",
				);
				MARKETING_VERSION = 1.0;
				PRODUCT_BUNDLE_IDENTIFIER = home.MusicByApple;
				PRODUCT_NAME = "$(TARGET_NAME)";
				SWIFT_EMIT_LOC_STRINGS = YES;
				SWIFT_VERSION = 5.0;
				TARGETED_DEVICE_FAMILY = "1,2";
			};
			name = Debug;
		};
		B4B308D3285352B900185812 /* Release */ = {
			isa = XCBuildConfiguration;
			baseConfigurationReference = E93C14B2B2B0DAD3E2DFCBFC /* Pods-MusicByApple.release.xcconfig */;
			buildSettings = {
				ASSETCATALOG_COMPILER_APPICON_NAME = AppIcon;
				ASSETCATALOG_COMPILER_GLOBAL_ACCENT_COLOR_NAME = AccentColor;
				CODE_SIGN_STYLE = Automatic;
				CURRENT_PROJECT_VERSION = 1;
				DEVELOPMENT_TEAM = ZZK4T7Z935;
				GENERATE_INFOPLIST_FILE = YES;
				INFOPLIST_FILE = MusicByApple/Info.plist;
				INFOPLIST_KEY_UIApplicationSupportsIndirectInputEvents = YES;
				INFOPLIST_KEY_UILaunchStoryboardName = LaunchScreen;
				INFOPLIST_KEY_UIMainStoryboardFile = Main;
				INFOPLIST_KEY_UISupportedInterfaceOrientations_iPad = "UIInterfaceOrientationPortrait UIInterfaceOrientationPortraitUpsideDown UIInterfaceOrientationLandscapeLeft UIInterfaceOrientationLandscapeRight";
				INFOPLIST_KEY_UISupportedInterfaceOrientations_iPhone = "UIInterfaceOrientationPortrait UIInterfaceOrientationLandscapeLeft UIInterfaceOrientationLandscapeRight";
				LD_RUNPATH_SEARCH_PATHS = (
					"$(inherited)",
					"@executable_path/Frameworks",
				);
				MARKETING_VERSION = 1.0;
				PRODUCT_BUNDLE_IDENTIFIER = home.MusicByApple;
				PRODUCT_NAME = "$(TARGET_NAME)";
				SWIFT_EMIT_LOC_STRINGS = YES;
				SWIFT_VERSION = 5.0;
				TARGETED_DEVICE_FAMILY = "1,2";
			};
			name = Release;
		};
/* End XCBuildConfiguration section */

/* Begin XCConfigurationList section */
		B4B308B8285352B500185812 /* Build configuration list for PBXProject "MusicByApple" */ = {
			isa = XCConfigurationList;
			buildConfigurations = (
				B4B308CF285352B900185812 /* Debug */,
				B4B308D0285352B900185812 /* Release */,
			);
			defaultConfigurationIsVisible = 0;
			defaultConfigurationName = Release;
		};
		B4B308D1285352B900185812 /* Build configuration list for PBXNativeTarget "MusicByApple" */ = {
			isa = XCConfigurationList;
			buildConfigurations = (
				B4B308D2285352B900185812 /* Debug */,
				B4B308D3285352B900185812 /* Release */,
			);
			defaultConfigurationIsVisible = 0;
			defaultConfigurationName = Release;
		};
/* End XCConfigurationList section */
	};
	rootObject = B4B308B5285352B500185812 /* Project object */;
}
